
Microsoft Visual Studio Solution File, Format Version 12.00
# Visual Studio Version 16
VisualStudioVersion = 16.0.29905.134
MinimumVisualStudioVersion = 10.0.40219.1
Project("{FAE04EC0-301F-11D3-BF4B-00C04F79EFBC}") = "Factory_Area_Perimetro", "Factory_Area_Perimetro.csproj", "{48FBFB69-A671-4039-A985-108DD7484B84}"
EndProject
Global
	GlobalSection(SolutionConfigurationPlatforms) = preSolution
		Debug|Any CPU = Debug|Any CPU
		Release|Any CPU = Release|Any CPU
	EndGlobalSection
	GlobalSection(ProjectConfigurationPlatforms) = postSolution
		{48FBFB69-A671-4039-A985-108DD7484B84}.Debug|Any CPU.ActiveCfg = Debug|Any CPU
		{48FBFB69-A671-4039-A985-108DD7484B84}.Debug|Any CPU.Build.0 = Debug|Any CPU
		{48FBFB69-A671-4039-A985-108DD7484B84}.Release|Any CPU.ActiveCfg = Release|Any CPU
		{48FBFB69-A671-4039-A985-108DD7484B84}.Release|Any CPU.Build.0 = Release|Any CPU
	EndGlobalSection
	GlobalSection(SolutionProperties) = preSolution
		HideSolutionNode = FALSE
	EndGlobalSection
	GlobalSection(ExtensibilityGlobals) = postSolution
		SolutionGuid = {BCB1BBB7-DFFD-43FA-962C-91DC240102A4}
	EndGlobalSection
EndGlobal
